
Microsoft Visual Studio Solution File, Format Version 12.00
# Visual Studio Version 17
VisualStudioVersion = 17.5.33516.290
MinimumVisualStudioVersion = 10.0.40219.1
Project("{9A19103F-16F7-4668-BE54-9A1E7A4F7556}") = "CTS-GameplayServer", "CTS-GameplayServer\CTS-GameplayServer.csproj", "{EACAFE79-9C5E-45B3-BA3E-E05F9BA25D44}"
EndProject
Project("{2150E333-8FDC-42A3-9474-1A3956D46DE8}") = "Tools", "Tools", "{76070E9E-6D6C-474C-AF8F-6D8D5267FF9C}"
EndProject
Project("{9A19103F-16F7-4668-BE54-9A1E7A4F7556}") = "CT-CorePatcher", "CT-CorePatcher\CT-CorePatcher.csproj", "{85275D7D-842E-4FDA-96E1-C7D800195028}"
EndProject
Project("{2150E333-8FDC-42A3-9474-1A3956D46DE8}") = "Test", "Test", "{A88AA86F-146F-44EB-A283-28DF25A670B6}"
EndProject
Project("{9A19103F-16F7-4668-BE54-9A1E7A4F7556}") = "CT-Test", "CT-Test\CT-Test.csproj", "{21EC260A-2D83-4675-9455-71742391ACCE}"
EndProject
Project("{9A19103F-16F7-4668-BE54-9A1E7A4F7556}") = "CTC-DummyClient", "CTC-DummyClient\CTC-DummyClient.csproj", "{A1421471-DCEB-4F96-AF3E-5C2DC1F7CF86}"
EndProject
Project("{9A19103F-16F7-4668-BE54-9A1E7A4F7556}") = "CT-NetworkCore", "CT-NetworkCore\CT-NetworkCore.csproj", "{025037AA-D3CC-41B7-9B3D-BBE9DF75AD0E}"
EndProject
Project("{2150E333-8FDC-42A3-9474-1A3956D46DE8}") = "Gameplay", "Gameplay", "{6A2B8EA8-42E9-4476-90FC-73516807EC5E}"
EndProject
Project("{9A19103F-16F7-4668-BE54-9A1E7A4F7556}") = "CT-Benchmark", "CT-Benchmark\CT-Benchmark.csproj", "{58CE97ED-5421-4FB9-AFFC-762E420A2023}"
EndProject
Project("{2150E333-8FDC-42A3-9474-1A3956D46DE8}") = "Plugins", "Plugins", "{2A7640E0-7FD8-44F4-A2F3-C17967E6476A}"
EndProject
Project("{9A19103F-16F7-4668-BE54-9A1E7A4F7556}") = "LiteNetLib", "LiteNetLib\LiteNetLib.csproj", "{8EC81672-F537-4877-AEDC-D1C79D98F2F0}"
EndProject
Project("{9A19103F-16F7-4668-BE54-9A1E7A4F7556}") = "CT-Common", "CT-Common\CT-Common.csproj", "{435967E4-F761-45D9-AED5-C65D38FD422C}"
EndProject
Project("{9A19103F-16F7-4668-BE54-9A1E7A4F7556}") = "CTC-Networks", "CTC-Networks\CTC-Networks.csproj", "{3C585E14-36CD-48F9-9410-88118A4E4B7B}"
EndProject
Project("{9A19103F-16F7-4668-BE54-9A1E7A4F7556}") = "PhysicsTester", "PhysicsTester\PhysicsTester.csproj", "{B035F5F7-1B27-4345-912D-5EF6D8332478}"
EndProject
Project("{9A19103F-16F7-4668-BE54-9A1E7A4F7556}") = "KaNetPhysics", "KaNetPhysics\KaNetPhysics.csproj", "{5ECB6A19-9132-43B0-BC05-B1D32AAB3F82}"
EndProject
Project("{9A19103F-16F7-4668-BE54-9A1E7A4F7556}") = "KaNetTool", "KaNetTool\KaNetTool.csproj", "{53C753E9-83E5-48A8-BF0F-34BF7134B02E}"
EndProject
Project("{9A19103F-16F7-4668-BE54-9A1E7A4F7556}") = "CT-Definition", "CT-Definition\CT-Definition.csproj", "{E87F6C88-C1D9-4115-A4F1-0C6B1F9EBFE9}"
EndProject
Project("{2150E333-8FDC-42A3-9474-1A3956D46DE8}") = "DummyClients", "DummyClients", "{17E93C3A-A4FE-4BA3-B9AE-1D27F27133A0}"
EndProject
Global
	GlobalSection(SolutionConfigurationPlatforms) = preSolution
		Debug|Any CPU = Debug|Any CPU
		Release|Any CPU = Release|Any CPU
	EndGlobalSection
	GlobalSection(ProjectConfigurationPlatforms) = postSolution
		{EACAFE79-9C5E-45B3-BA3E-E05F9BA25D44}.Debug|Any CPU.ActiveCfg = Debug|Any CPU
		{EACAFE79-9C5E-45B3-BA3E-E05F9BA25D44}.Debug|Any CPU.Build.0 = Debug|Any CPU
		{EACAFE79-9C5E-45B3-BA3E-E05F9BA25D44}.Release|Any CPU.ActiveCfg = Release|Any CPU
		{EACAFE79-9C5E-45B3-BA3E-E05F9BA25D44}.Release|Any CPU.Build.0 = Release|Any CPU
		{85275D7D-842E-4FDA-96E1-C7D800195028}.Debug|Any CPU.ActiveCfg = Debug|Any CPU
		{85275D7D-842E-4FDA-96E1-C7D800195028}.Debug|Any CPU.Build.0 = Debug|Any CPU
		{85275D7D-842E-4FDA-96E1-C7D800195028}.Release|Any CPU.ActiveCfg = Release|Any CPU
		{85275D7D-842E-4FDA-96E1-C7D800195028}.Release|Any CPU.Build.0 = Release|Any CPU
		{21EC260A-2D83-4675-9455-71742391ACCE}.Debug|Any CPU.ActiveCfg = Debug|Any CPU
		{21EC260A-2D83-4675-9455-71742391ACCE}.Debug|Any CPU.Build.0 = Debug|Any CPU
		{21EC260A-2D83-4675-9455-71742391ACCE}.Release|Any CPU.ActiveCfg = Release|Any CPU
		{21EC260A-2D83-4675-9455-71742391ACCE}.Release|Any CPU.Build.0 = Release|Any CPU
		{A1421471-DCEB-4F96-AF3E-5C2DC1F7CF86}.Debug|Any CPU.ActiveCfg = Debug|Any CPU
		{A1421471-DCEB-4F96-AF3E-5C2DC1F7CF86}.Release|Any CPU.ActiveCfg = Release|Any CPU
		{A1421471-DCEB-4F96-AF3E-5C2DC1F7CF86}.Release|Any CPU.Build.0 = Release|Any CPU
		{025037AA-D3CC-41B7-9B3D-BBE9DF75AD0E}.Debug|Any CPU.ActiveCfg = Debug|Any CPU
		{025037AA-D3CC-41B7-9B3D-BBE9DF75AD0E}.Debug|Any CPU.Build.0 = Debug|Any CPU
		{025037AA-D3CC-41B7-9B3D-BBE9DF75AD0E}.Release|Any CPU.ActiveCfg = Release|Any CPU
		{025037AA-D3CC-41B7-9B3D-BBE9DF75AD0E}.Release|Any CPU.Build.0 = Release|Any CPU
		{58CE97ED-5421-4FB9-AFFC-762E420A2023}.Debug|Any CPU.ActiveCfg = Debug|Any CPU
		{58CE97ED-5421-4FB9-AFFC-762E420A2023}.Debug|Any CPU.Build.0 = Debug|Any CPU
		{58CE97ED-5421-4FB9-AFFC-762E420A2023}.Release|Any CPU.ActiveCfg = Release|Any CPU
		{58CE97ED-5421-4FB9-AFFC-762E420A2023}.Release|Any CPU.Build.0 = Release|Any CPU
		{8EC81672-F537-4877-AEDC-D1C79D98F2F0}.Debug|Any CPU.ActiveCfg = Debug|Any CPU
		{8EC81672-F537-4877-AEDC-D1C79D98F2F0}.Debug|Any CPU.Build.0 = Debug|Any CPU
		{8EC81672-F537-4877-AEDC-D1C79D98F2F0}.Release|Any CPU.ActiveCfg = Release|Any CPU
		{8EC81672-F537-4877-AEDC-D1C79D98F2F0}.Release|Any CPU.Build.0 = Release|Any CPU
		{435967E4-F761-45D9-AED5-C65D38FD422C}.Debug|Any CPU.ActiveCfg = Debug|Any CPU
		{435967E4-F761-45D9-AED5-C65D38FD422C}.Debug|Any CPU.Build.0 = Debug|Any CPU
		{435967E4-F761-45D9-AED5-C65D38FD422C}.Release|Any CPU.ActiveCfg = Release|Any CPU
		{435967E4-F761-45D9-AED5-C65D38FD422C}.Release|Any CPU.Build.0 = Release|Any CPU
		{3C585E14-36CD-48F9-9410-88118A4E4B7B}.Debug|Any CPU.ActiveCfg = Debug|Any CPU
		{3C585E14-36CD-48F9-9410-88118A4E4B7B}.Debug|Any CPU.Build.0 = Debug|Any CPU
		{3C585E14-36CD-48F9-9410-88118A4E4B7B}.Release|Any CPU.ActiveCfg = Release|Any CPU
		{3C585E14-36CD-48F9-9410-88118A4E4B7B}.Release|Any CPU.Build.0 = Release|Any CPU
		{B035F5F7-1B27-4345-912D-5EF6D8332478}.Debug|Any CPU.ActiveCfg = Debug|Any CPU
		{B035F5F7-1B27-4345-912D-5EF6D8332478}.Debug|Any CPU.Build.0 = Debug|Any CPU
		{B035F5F7-1B27-4345-912D-5EF6D8332478}.Release|Any CPU.ActiveCfg = Release|Any CPU
		{B035F5F7-1B27-4345-912D-5EF6D8332478}.Release|Any CPU.Build.0 = Release|Any CPU
		{5ECB6A19-9132-43B0-BC05-B1D32AAB3F82}.Debug|Any CPU.ActiveCfg = Debug|Any CPU
		{5ECB6A19-9132-43B0-BC05-B1D32AAB3F82}.Debug|Any CPU.Build.0 = Debug|Any CPU
		{5ECB6A19-9132-43B0-BC05-B1D32AAB3F82}.Release|Any CPU.ActiveCfg = Release|Any CPU
		{5ECB6A19-9132-43B0-BC05-B1D32AAB3F82}.Release|Any CPU.Build.0 = Release|Any CPU
		{53C753E9-83E5-48A8-BF0F-34BF7134B02E}.Debug|Any CPU.ActiveCfg = Debug|Any CPU
		{53C753E9-83E5-48A8-BF0F-34BF7134B02E}.Debug|Any CPU.Build.0 = Debug|Any CPU
		{53C753E9-83E5-48A8-BF0F-34BF7134B02E}.Release|Any CPU.ActiveCfg = Release|Any CPU
		{53C753E9-83E5-48A8-BF0F-34BF7134B02E}.Release|Any CPU.Build.0 = Release|Any CPU
		{E87F6C88-C1D9-4115-A4F1-0C6B1F9EBFE9}.Debug|Any CPU.ActiveCfg = Debug|Any CPU
		{E87F6C88-C1D9-4115-A4F1-0C6B1F9EBFE9}.Debug|Any CPU.Build.0 = Debug|Any CPU
		{E87F6C88-C1D9-4115-A4F1-0C6B1F9EBFE9}.Release|Any CPU.ActiveCfg = Release|Any CPU
		{E87F6C88-C1D9-4115-A4F1-0C6B1F9EBFE9}.Release|Any CPU.Build.0 = Release|Any CPU
	EndGlobalSection
	GlobalSection(SolutionProperties) = preSolution
		HideSolutionNode = FALSE
	EndGlobalSection
	GlobalSection(NestedProjects) = preSolution
		{EACAFE79-9C5E-45B3-BA3E-E05F9BA25D44} = {6A2B8EA8-42E9-4476-90FC-73516807EC5E}
		{85275D7D-842E-4FDA-96E1-C7D800195028} = {76070E9E-6D6C-474C-AF8F-6D8D5267FF9C}
		{21EC260A-2D83-4675-9455-71742391ACCE} = {A88AA86F-146F-44EB-A283-28DF25A670B6}
		{A1421471-DCEB-4F96-AF3E-5C2DC1F7CF86} = {17E93C3A-A4FE-4BA3-B9AE-1D27F27133A0}
		{025037AA-D3CC-41B7-9B3D-BBE9DF75AD0E} = {6A2B8EA8-42E9-4476-90FC-73516807EC5E}
		{58CE97ED-5421-4FB9-AFFC-762E420A2023} = {A88AA86F-146F-44EB-A283-28DF25A670B6}
		{8EC81672-F537-4877-AEDC-D1C79D98F2F0} = {2A7640E0-7FD8-44F4-A2F3-C17967E6476A}
		{435967E4-F761-45D9-AED5-C65D38FD422C} = {6A2B8EA8-42E9-4476-90FC-73516807EC5E}
		{3C585E14-36CD-48F9-9410-88118A4E4B7B} = {6A2B8EA8-42E9-4476-90FC-73516807EC5E}
		{B035F5F7-1B27-4345-912D-5EF6D8332478} = {A88AA86F-146F-44EB-A283-28DF25A670B6}
		{5ECB6A19-9132-43B0-BC05-B1D32AAB3F82} = {76070E9E-6D6C-474C-AF8F-6D8D5267FF9C}
		{53C753E9-83E5-48A8-BF0F-34BF7134B02E} = {76070E9E-6D6C-474C-AF8F-6D8D5267FF9C}
		{E87F6C88-C1D9-4115-A4F1-0C6B1F9EBFE9} = {6A2B8EA8-42E9-4476-90FC-73516807EC5E}
	EndGlobalSection
	GlobalSection(ExtensibilityGlobals) = postSolution
		SolutionGuid = {FACAAD2D-A975-498F-97B8-D8A75C94F89A}
	EndGlobalSection
EndGlobal
